
Microsoft Visual Studio Solution File, Format Version 12.00
# Visual Studio Version 16
VisualStudioVersion = 16.0.32228.343
MinimumVisualStudioVersion = 10.0.40219.1
Project("{FAE04EC0-301F-11D3-BF4B-00C04F79EFBC}") = "example3", "example3.csproj", "{7674F4CE-3038-4BA7-A258-A3E8C0CD3677}"
EndProject
Global
	GlobalSection(SolutionConfigurationPlatforms) = preSolution
		Debug|Any CPU = Debug|Any CPU
		Release|Any CPU = Release|Any CPU
	EndGlobalSection
	GlobalSection(ProjectConfigurationPlatforms) = postSolution
		{7674F4CE-3038-4BA7-A258-A3E8C0CD3677}.Debug|Any CPU.ActiveCfg = Debug|Any CPU
		{7674F4CE-3038-4BA7-A258-A3E8C0CD3677}.Debug|Any CPU.Build.0 = Debug|Any CPU
		{7674F4CE-3038-4BA7-A258-A3E8C0CD3677}.Release|Any CPU.ActiveCfg = Release|Any CPU
		{7674F4CE-3038-4BA7-A258-A3E8C0CD3677}.Release|Any CPU.Build.0 = Release|Any CPU
	EndGlobalSection
	GlobalSection(SolutionProperties) = preSolution
		HideSolutionNode = FALSE
	EndGlobalSection
	GlobalSection(ExtensibilityGlobals) = postSolution
		SolutionGuid = {66796D3B-69B7-44F5-9862-4CA31D723545}
	EndGlobalSection
EndGlobal
