
Microsoft Visual Studio Solution File, Format Version 12.00
# Visual Studio Version 16
VisualStudioVersion = 16.0.32228.343
MinimumVisualStudioVersion = 10.0.40219.1
Project("{FAE04EC0-301F-11D3-BF4B-00C04F79EFBC}") = "Version_3", "Version_3.csproj", "{156188A6-DE92-4697-885C-C3A026AC9129}"
EndProject
Global
	GlobalSection(SolutionConfigurationPlatforms) = preSolution
		Debug|Any CPU = Debug|Any CPU
		Release|Any CPU = Release|Any CPU
	EndGlobalSection
	GlobalSection(ProjectConfigurationPlatforms) = postSolution
		{156188A6-DE92-4697-885C-C3A026AC9129}.Debug|Any CPU.ActiveCfg = Debug|Any CPU
		{156188A6-DE92-4697-885C-C3A026AC9129}.Debug|Any CPU.Build.0 = Debug|Any CPU
		{156188A6-DE92-4697-885C-C3A026AC9129}.Release|Any CPU.ActiveCfg = Release|Any CPU
		{156188A6-DE92-4697-885C-C3A026AC9129}.Release|Any CPU.Build.0 = Release|Any CPU
	EndGlobalSection
	GlobalSection(SolutionProperties) = preSolution
		HideSolutionNode = FALSE
	EndGlobalSection
	GlobalSection(ExtensibilityGlobals) = postSolution
		SolutionGuid = {83CD9EA0-3413-466F-B3EA-CD7F5AE475F5}
	EndGlobalSection
EndGlobal
