
Microsoft Visual Studio Solution File, Format Version 12.00
# Visual Studio Version 16
VisualStudioVersion = 16.0.32228.343
MinimumVisualStudioVersion = 10.0.40219.1
Project("{FAE04EC0-301F-11D3-BF4B-00C04F79EFBC}") = "Version2", "Version2.csproj", "{F9430233-AE0E-4F64-8B33-4CB327AF6350}"
EndProject
Global
	GlobalSection(SolutionConfigurationPlatforms) = preSolution
		Debug|Any CPU = Debug|Any CPU
		Release|Any CPU = Release|Any CPU
	EndGlobalSection
	GlobalSection(ProjectConfigurationPlatforms) = postSolution
		{F9430233-AE0E-4F64-8B33-4CB327AF6350}.Debug|Any CPU.ActiveCfg = Debug|Any CPU
		{F9430233-AE0E-4F64-8B33-4CB327AF6350}.Debug|Any CPU.Build.0 = Debug|Any CPU
		{F9430233-AE0E-4F64-8B33-4CB327AF6350}.Release|Any CPU.ActiveCfg = Release|Any CPU
		{F9430233-AE0E-4F64-8B33-4CB327AF6350}.Release|Any CPU.Build.0 = Release|Any CPU
	EndGlobalSection
	GlobalSection(SolutionProperties) = preSolution
		HideSolutionNode = FALSE
	EndGlobalSection
	GlobalSection(ExtensibilityGlobals) = postSolution
		SolutionGuid = {D4FDD63C-7142-4199-9750-6A1C78D11A6D}
	EndGlobalSection
EndGlobal
